
Microsoft Visual Studio Solution File, Format Version 12.00
# Visual Studio 15
VisualStudioVersion = 15.0.28307.329
MinimumVisualStudioVersion = 10.0.40219.1
Project("{FAE04EC0-301F-11D3-BF4B-00C04F79EFBC}") = "Task 4", "Task 4\Task 4.csproj", "{3BAB1FD4-EDB7-4B62-B0D6-D9A7C65DCFAF}"
EndProject
Global
	GlobalSection(SolutionConfigurationPlatforms) = preSolution
		Debug|Any CPU = Debug|Any CPU
		Release|Any CPU = Release|Any CPU
	EndGlobalSection
	GlobalSection(ProjectConfigurationPlatforms) = postSolution
		{3BAB1FD4-EDB7-4B62-B0D6-D9A7C65DCFAF}.Debug|Any CPU.ActiveCfg = Debug|Any CPU
		{3BAB1FD4-EDB7-4B62-B0D6-D9A7C65DCFAF}.Debug|Any CPU.Build.0 = Debug|Any CPU
		{3BAB1FD4-EDB7-4B62-B0D6-D9A7C65DCFAF}.Release|Any CPU.ActiveCfg = Release|Any CPU
		{3BAB1FD4-EDB7-4B62-B0D6-D9A7C65DCFAF}.Release|Any CPU.Build.0 = Release|Any CPU
	EndGlobalSection
	GlobalSection(SolutionProperties) = preSolution
		HideSolutionNode = FALSE
	EndGlobalSection
	GlobalSection(ExtensibilityGlobals) = postSolution
		SolutionGuid = {E203B0A1-838A-4D23-BD95-6FE6903CF6CC}
	EndGlobalSection
EndGlobal
